
Microsoft Visual Studio Solution File, Format Version 12.00
# Visual Studio Version 16
VisualStudioVersion = 16.0.32228.343
MinimumVisualStudioVersion = 10.0.40219.1
Project("{FAE04EC0-301F-11D3-BF4B-00C04F79EFBC}") = "PBL3", "PBL3\PBL3.csproj", "{53A4DA27-CD26-4198-B5AC-CA19E50D7FDD}"
EndProject
Global
	GlobalSection(SolutionConfigurationPlatforms) = preSolution
		Debug|Any CPU = Debug|Any CPU
		Release|Any CPU = Release|Any CPU
	EndGlobalSection
	GlobalSection(ProjectConfigurationPlatforms) = postSolution
		{53A4DA27-CD26-4198-B5AC-CA19E50D7FDD}.Debug|Any CPU.ActiveCfg = Debug|Any CPU
		{53A4DA27-CD26-4198-B5AC-CA19E50D7FDD}.Debug|Any CPU.Build.0 = Debug|Any CPU
		{53A4DA27-CD26-4198-B5AC-CA19E50D7FDD}.Release|Any CPU.ActiveCfg = Release|Any CPU
		{53A4DA27-CD26-4198-B5AC-CA19E50D7FDD}.Release|Any CPU.Build.0 = Release|Any CPU
	EndGlobalSection
	GlobalSection(SolutionProperties) = preSolution
		HideSolutionNode = FALSE
	EndGlobalSection
	GlobalSection(ExtensibilityGlobals) = postSolution
		SolutionGuid = {FDE6E037-C6C2-470F-9876-C73721C7C4E4}
	EndGlobalSection
EndGlobal
